# THIS IS AN AUTOGENERATED FILE. DO NOT EDIT THIS FILE DIRECTLY.
# yarn lockfile v1


"@smartface/native@^4.3.4 || ^4.3.5-beta || ^4.3.5.alpha":
  version "4.3.5-beta.0"
  resolved "https://registry.yarnpkg.com/@smartface/native/-/native-4.3.5-beta.0.tgz#ad2e3ef96322585212263c948c4a45e260529a9f"
  integrity sha512-AZaVcLeTFdMw5lfekp+HEolp992bQxBJWtpapTDjJX8vii7e/NcCKNvr4Vm+85rW7FzbseoawlMnXHFXlR5voA==

"@types/node@^16.6.1":
  version "16.9.1"
  resolved "https://registry.yarnpkg.com/@types/node/-/node-16.9.1.tgz#0611b37db4246c937feef529ddcc018cf8e35708"
  integrity sha512-QpLcX9ZSsq3YYUUnD3nFDY8H7wctAhQj/TFKL8Ya8v5fMm3CFXxo8zStsLAl780ltoYoo1WvKUVGBQK+1ifr7g==

typescript@^4.3.5:
  version "4.4.3"
  resolved "https://registry.yarnpkg.com/typescript/-/typescript-4.4.3.tgz#bdc5407caa2b109efd4f82fe130656f977a29324"
  integrity sha512-4xfscpisVgqqDfPaJo5vkd+Qd/ItkoagnHpufr+i2QCHBsNYp+G7UAoyFl8aPtx879u38wPV65rZ8qbGZijalA==
